# @generated by Move, please check-in and do not edit manually.

[move]
version = 3
manifest_digest = "B5C0BA209C196F73A6A10B7EF0677CDE1231CAD70911B515B23732F39D9903CC"
deps_digest = "F8BBB0CCB2491CA29A3DF03D6F92277A4F3574266507ACD77214D37ECA3F3082"
dependencies = [
  { id = "Sui", name = "Sui" },
]

[[move.package]]
id = "MoveStdlib"
source = { git = "https://github.com/MystenLabs/sui.git", rev = "framework/testnet", subdir = "crates/sui-framework/packages/move-stdlib" }

[[move.package]]
id = "Sui"
source = { git = "https://github.com/MystenLabs/sui.git", rev = "framework/testnet", subdir = "crates/sui-framework/packages/sui-framework" }

dependencies = [
  { id = "MoveStdlib", name = "MoveStdlib" },
]

[move.toolchain-version]
compiler-version = "1.41.0"
edition = "2024"
flavor = "sui"

[env]

[env.localnet]
chain-id = "8c8ac3a9"
original-published-id = "0x2982b7685b6835796bd43e6d79de4a6074631aed9e444fd4fdb4fb53eedb5d20"
latest-published-id = "0x2982b7685b6835796bd43e6d79de4a6074631aed9e444fd4fdb4fb53eedb5d20"
published-version = "1"

[env.local]
chain-id = "8c8ac3a9"
original-published-id = "0xa9c8ee3f92410c985ff51a701dcf30e364148360257e690046352dc71d7941bf"
latest-published-id = "0xa9c8ee3f92410c985ff51a701dcf30e364148360257e690046352dc71d7941bf"
published-version = "1"

[env.devnet]
chain-id = "7f81d47e"
original-published-id = "0x4c9452674239af14ea105134e20fc5b10e7f274c738c78853caba1079841a264"
latest-published-id = "0x4c9452674239af14ea105134e20fc5b10e7f274c738c78853caba1079841a264"
published-version = "1"
